
Microsoft Visual Studio Solution File, Format Version 11.00
# Visual Studio 2010
Project("{F184B08F-C81C-45F6-A57F-5ABD9991F28F}") = "Test Timer", "Test Timer\Test Timer.vbproj", "{A20287B5-4DCC-41E8-8C84-0F4B07DCC427}"
EndProject
Global
	GlobalSection(SolutionConfigurationPlatforms) = preSolution
		Debug|x86 = Debug|x86
		Release|x86 = Release|x86
	EndGlobalSection
	GlobalSection(ProjectConfigurationPlatforms) = postSolution
		{A20287B5-4DCC-41E8-8C84-0F4B07DCC427}.Debug|x86.ActiveCfg = Debug|x86
		{A20287B5-4DCC-41E8-8C84-0F4B07DCC427}.Debug|x86.Build.0 = Debug|x86
		{A20287B5-4DCC-41E8-8C84-0F4B07DCC427}.Release|x86.ActiveCfg = Release|x86
		{A20287B5-4DCC-41E8-8C84-0F4B07DCC427}.Release|x86.Build.0 = Release|x86
	EndGlobalSection
	GlobalSection(SolutionProperties) = preSolution
		HideSolutionNode = FALSE
	EndGlobalSection
EndGlobal
